
Microsoft Visual Studio Solution File, Format Version 12.00
# Visual Studio Version 17
VisualStudioVersion = 17.9.34728.123
MinimumVisualStudioVersion = 10.0.40219.1
Project("{9A19103F-16F7-4668-BE54-9A1E7A4F7556}") = "IssuerOfClaims", "IssuerOfClaims.csproj", "{6FA6F03A-5461-4B37-BA03-F19D54150D6C}"
EndProject
Project("{9A19103F-16F7-4668-BE54-9A1E7A4F7556}") = "PrMModelsDbServer", "..\PrMModelsDbServer\PrMModelsDbServer.csproj", "{99DF1586-6542-435D-B8CB-9F443207EF21}"
EndProject
Project("{9A19103F-16F7-4668-BE54-9A1E7A4F7556}") = "PrintingManagermentServer", "..\PrintingManagermentServer\PrintingManagermentServer.csproj", "{F8648D64-721F-41D8-8125-B71959E12E05}"
EndProject
Project("{9A19103F-16F7-4668-BE54-9A1E7A4F7556}") = "PrMModelsServer", "..\PrMModelsServer\PrMModelsServer.csproj", "{D52E860C-B39D-48D1-BCAA-F9FBBE2B533B}"
EndProject
Project("{FAE04EC0-301F-11D3-BF4B-00C04F79EFBC}") = "PrMServerUltilities", "..\PrMServerUltilities\PrMServerUltilities.csproj", "{79B958E3-075E-45C7-A85F-CF04B79B61BE}"
EndProject
Global
	GlobalSection(SolutionConfigurationPlatforms) = preSolution
		Debug|Any CPU = Debug|Any CPU
		Release|Any CPU = Release|Any CPU
	EndGlobalSection
	GlobalSection(ProjectConfigurationPlatforms) = postSolution
		{6FA6F03A-5461-4B37-BA03-F19D54150D6C}.Debug|Any CPU.ActiveCfg = Debug|Any CPU
		{6FA6F03A-5461-4B37-BA03-F19D54150D6C}.Debug|Any CPU.Build.0 = Debug|Any CPU
		{6FA6F03A-5461-4B37-BA03-F19D54150D6C}.Release|Any CPU.ActiveCfg = Release|Any CPU
		{6FA6F03A-5461-4B37-BA03-F19D54150D6C}.Release|Any CPU.Build.0 = Release|Any CPU
		{99DF1586-6542-435D-B8CB-9F443207EF21}.Debug|Any CPU.ActiveCfg = Debug|Any CPU
		{99DF1586-6542-435D-B8CB-9F443207EF21}.Debug|Any CPU.Build.0 = Debug|Any CPU
		{99DF1586-6542-435D-B8CB-9F443207EF21}.Release|Any CPU.ActiveCfg = Release|Any CPU
		{99DF1586-6542-435D-B8CB-9F443207EF21}.Release|Any CPU.Build.0 = Release|Any CPU
		{F8648D64-721F-41D8-8125-B71959E12E05}.Debug|Any CPU.ActiveCfg = Debug|Any CPU
		{F8648D64-721F-41D8-8125-B71959E12E05}.Debug|Any CPU.Build.0 = Debug|Any CPU
		{F8648D64-721F-41D8-8125-B71959E12E05}.Release|Any CPU.ActiveCfg = Release|Any CPU
		{F8648D64-721F-41D8-8125-B71959E12E05}.Release|Any CPU.Build.0 = Release|Any CPU
		{D52E860C-B39D-48D1-BCAA-F9FBBE2B533B}.Debug|Any CPU.ActiveCfg = Debug|Any CPU
		{D52E860C-B39D-48D1-BCAA-F9FBBE2B533B}.Debug|Any CPU.Build.0 = Debug|Any CPU
		{D52E860C-B39D-48D1-BCAA-F9FBBE2B533B}.Release|Any CPU.ActiveCfg = Release|Any CPU
		{D52E860C-B39D-48D1-BCAA-F9FBBE2B533B}.Release|Any CPU.Build.0 = Release|Any CPU
		{79B958E3-075E-45C7-A85F-CF04B79B61BE}.Debug|Any CPU.ActiveCfg = Debug|Any CPU
		{79B958E3-075E-45C7-A85F-CF04B79B61BE}.Debug|Any CPU.Build.0 = Debug|Any CPU
		{79B958E3-075E-45C7-A85F-CF04B79B61BE}.Release|Any CPU.ActiveCfg = Release|Any CPU
		{79B958E3-075E-45C7-A85F-CF04B79B61BE}.Release|Any CPU.Build.0 = Release|Any CPU
	EndGlobalSection
	GlobalSection(SolutionProperties) = preSolution
		HideSolutionNode = FALSE
	EndGlobalSection
	GlobalSection(ExtensibilityGlobals) = postSolution
		SolutionGuid = {B4F7DE18-8C48-48F0-92C0-9A9D2DF41B91}
	EndGlobalSection
EndGlobal
